
Microsoft Visual Studio Solution File, Format Version 12.00
# Visual Studio Version 16
VisualStudioVersion = 25.0.1703.2
MinimumVisualStudioVersion = 10.0.40219.1
Project("{FAE04EC0-301F-11D3-BF4B-00C04F79EFBC}") = "TranslationDemo.Android", "TranslationDemo\TranslationDemo.Android\TranslationDemo.Android.csproj", "{38BFC206-E63C-4947-9C8F-32244D7277A1}"
EndProject
Project("{FAE04EC0-301F-11D3-BF4B-00C04F79EFBC}") = "TranslationDemo.iOS", "TranslationDemo\TranslationDemo.iOS\TranslationDemo.iOS.csproj", "{6E480C43-0BB5-48C9-A808-7ABCF8E2D64D}"
EndProject
Project("{FAE04EC0-301F-11D3-BF4B-00C04F79EFBC}") = "TranslationDemo", "TranslationDemo\TranslationDemo\TranslationDemo.csproj", "{69E3726A-D516-4E3B-A4EC-10B2CC24D415}"
EndProject
Global
	GlobalSection(SolutionConfigurationPlatforms) = preSolution
		Debug|Any CPU = Debug|Any CPU
		Release|Any CPU = Release|Any CPU
		Debug|iPhoneSimulator = Debug|iPhoneSimulator
		Release|iPhoneSimulator = Release|iPhoneSimulator
		Debug|iPhone = Debug|iPhone
		Release|iPhone = Release|iPhone
	EndGlobalSection
	GlobalSection(ProjectConfigurationPlatforms) = postSolution
		{38BFC206-E63C-4947-9C8F-32244D7277A1}.Debug|Any CPU.ActiveCfg = Debug|Any CPU
		{38BFC206-E63C-4947-9C8F-32244D7277A1}.Debug|Any CPU.Build.0 = Debug|Any CPU
		{38BFC206-E63C-4947-9C8F-32244D7277A1}.Release|Any CPU.ActiveCfg = Release|Any CPU
		{38BFC206-E63C-4947-9C8F-32244D7277A1}.Release|Any CPU.Build.0 = Release|Any CPU
		{38BFC206-E63C-4947-9C8F-32244D7277A1}.Debug|iPhoneSimulator.ActiveCfg = Debug|Any CPU
		{38BFC206-E63C-4947-9C8F-32244D7277A1}.Debug|iPhoneSimulator.Build.0 = Debug|Any CPU
		{38BFC206-E63C-4947-9C8F-32244D7277A1}.Release|iPhoneSimulator.ActiveCfg = Release|Any CPU
		{38BFC206-E63C-4947-9C8F-32244D7277A1}.Release|iPhoneSimulator.Build.0 = Release|Any CPU
		{38BFC206-E63C-4947-9C8F-32244D7277A1}.Debug|iPhone.ActiveCfg = Debug|Any CPU
		{38BFC206-E63C-4947-9C8F-32244D7277A1}.Debug|iPhone.Build.0 = Debug|Any CPU
		{38BFC206-E63C-4947-9C8F-32244D7277A1}.Release|iPhone.ActiveCfg = Release|Any CPU
		{38BFC206-E63C-4947-9C8F-32244D7277A1}.Release|iPhone.Build.0 = Release|Any CPU
		{6E480C43-0BB5-48C9-A808-7ABCF8E2D64D}.Debug|Any CPU.ActiveCfg = Debug|iPhoneSimulator
		{6E480C43-0BB5-48C9-A808-7ABCF8E2D64D}.Debug|Any CPU.Build.0 = Debug|iPhoneSimulator
		{6E480C43-0BB5-48C9-A808-7ABCF8E2D64D}.Release|Any CPU.ActiveCfg = Release|iPhoneSimulator
		{6E480C43-0BB5-48C9-A808-7ABCF8E2D64D}.Release|Any CPU.Build.0 = Release|iPhoneSimulator
		{6E480C43-0BB5-48C9-A808-7ABCF8E2D64D}.Debug|iPhoneSimulator.ActiveCfg = Debug|iPhoneSimulator
		{6E480C43-0BB5-48C9-A808-7ABCF8E2D64D}.Debug|iPhoneSimulator.Build.0 = Debug|iPhoneSimulator
		{6E480C43-0BB5-48C9-A808-7ABCF8E2D64D}.Release|iPhoneSimulator.ActiveCfg = Release|iPhoneSimulator
		{6E480C43-0BB5-48C9-A808-7ABCF8E2D64D}.Release|iPhoneSimulator.Build.0 = Release|iPhoneSimulator
		{6E480C43-0BB5-48C9-A808-7ABCF8E2D64D}.Debug|iPhone.ActiveCfg = Debug|iPhone
		{6E480C43-0BB5-48C9-A808-7ABCF8E2D64D}.Debug|iPhone.Build.0 = Debug|iPhone
		{6E480C43-0BB5-48C9-A808-7ABCF8E2D64D}.Release|iPhone.ActiveCfg = Release|iPhone
		{6E480C43-0BB5-48C9-A808-7ABCF8E2D64D}.Release|iPhone.Build.0 = Release|iPhone
		{69E3726A-D516-4E3B-A4EC-10B2CC24D415}.Debug|Any CPU.ActiveCfg = Debug|Any CPU
		{69E3726A-D516-4E3B-A4EC-10B2CC24D415}.Debug|Any CPU.Build.0 = Debug|Any CPU
		{69E3726A-D516-4E3B-A4EC-10B2CC24D415}.Release|Any CPU.ActiveCfg = Release|Any CPU
		{69E3726A-D516-4E3B-A4EC-10B2CC24D415}.Release|Any CPU.Build.0 = Release|Any CPU
		{69E3726A-D516-4E3B-A4EC-10B2CC24D415}.Debug|iPhoneSimulator.ActiveCfg = Debug|Any CPU
		{69E3726A-D516-4E3B-A4EC-10B2CC24D415}.Debug|iPhoneSimulator.Build.0 = Debug|Any CPU
		{69E3726A-D516-4E3B-A4EC-10B2CC24D415}.Release|iPhoneSimulator.ActiveCfg = Release|Any CPU
		{69E3726A-D516-4E3B-A4EC-10B2CC24D415}.Release|iPhoneSimulator.Build.0 = Release|Any CPU
		{69E3726A-D516-4E3B-A4EC-10B2CC24D415}.Debug|iPhone.ActiveCfg = Debug|Any CPU
		{69E3726A-D516-4E3B-A4EC-10B2CC24D415}.Debug|iPhone.Build.0 = Debug|Any CPU
		{69E3726A-D516-4E3B-A4EC-10B2CC24D415}.Release|iPhone.ActiveCfg = Release|Any CPU
		{69E3726A-D516-4E3B-A4EC-10B2CC24D415}.Release|iPhone.Build.0 = Release|Any CPU
	EndGlobalSection
	GlobalSection(SolutionProperties) = preSolution
		HideSolutionNode = FALSE
	EndGlobalSection
	GlobalSection(ExtensibilityGlobals) = postSolution
		SolutionGuid = {38F82836-F9E2-40E0-9776-C87506FA68EF}
	EndGlobalSection
EndGlobal
