
Microsoft Visual Studio Solution File, Format Version 12.00
# Visual Studio Version 16
VisualStudioVersion = 25.0.1703.2
MinimumVisualStudioVersion = 10.0.40219.1
Project("{FAE04EC0-301F-11D3-BF4B-00C04F79EFBC}") = "AlertLambdas.Android", "AlertLambdas\AlertLambdas.Android\AlertLambdas.Android.csproj", "{23F97C41-1354-4B84-BF29-101D508EC21D}"
EndProject
Project("{FAE04EC0-301F-11D3-BF4B-00C04F79EFBC}") = "AlertLambdas.iOS", "AlertLambdas\AlertLambdas.iOS\AlertLambdas.iOS.csproj", "{199D4865-DDBE-43FE-A540-938C7ED8B8B5}"
EndProject
Project("{FAE04EC0-301F-11D3-BF4B-00C04F79EFBC}") = "AlertLambdas", "AlertLambdas\AlertLambdas\AlertLambdas.csproj", "{40D846C7-5183-469B-B21F-03B3F609CD93}"
EndProject
Global
	GlobalSection(SolutionConfigurationPlatforms) = preSolution
		Debug|Any CPU = Debug|Any CPU
		Release|Any CPU = Release|Any CPU
		Debug|iPhoneSimulator = Debug|iPhoneSimulator
		Release|iPhoneSimulator = Release|iPhoneSimulator
		Debug|iPhone = Debug|iPhone
		Release|iPhone = Release|iPhone
	EndGlobalSection
	GlobalSection(ProjectConfigurationPlatforms) = postSolution
		{23F97C41-1354-4B84-BF29-101D508EC21D}.Debug|Any CPU.ActiveCfg = Debug|Any CPU
		{23F97C41-1354-4B84-BF29-101D508EC21D}.Debug|Any CPU.Build.0 = Debug|Any CPU
		{23F97C41-1354-4B84-BF29-101D508EC21D}.Release|Any CPU.ActiveCfg = Release|Any CPU
		{23F97C41-1354-4B84-BF29-101D508EC21D}.Release|Any CPU.Build.0 = Release|Any CPU
		{23F97C41-1354-4B84-BF29-101D508EC21D}.Debug|iPhoneSimulator.ActiveCfg = Debug|Any CPU
		{23F97C41-1354-4B84-BF29-101D508EC21D}.Debug|iPhoneSimulator.Build.0 = Debug|Any CPU
		{23F97C41-1354-4B84-BF29-101D508EC21D}.Release|iPhoneSimulator.ActiveCfg = Release|Any CPU
		{23F97C41-1354-4B84-BF29-101D508EC21D}.Release|iPhoneSimulator.Build.0 = Release|Any CPU
		{23F97C41-1354-4B84-BF29-101D508EC21D}.Debug|iPhone.ActiveCfg = Debug|Any CPU
		{23F97C41-1354-4B84-BF29-101D508EC21D}.Debug|iPhone.Build.0 = Debug|Any CPU
		{23F97C41-1354-4B84-BF29-101D508EC21D}.Release|iPhone.ActiveCfg = Release|Any CPU
		{23F97C41-1354-4B84-BF29-101D508EC21D}.Release|iPhone.Build.0 = Release|Any CPU
		{199D4865-DDBE-43FE-A540-938C7ED8B8B5}.Debug|Any CPU.ActiveCfg = Debug|iPhoneSimulator
		{199D4865-DDBE-43FE-A540-938C7ED8B8B5}.Debug|Any CPU.Build.0 = Debug|iPhoneSimulator
		{199D4865-DDBE-43FE-A540-938C7ED8B8B5}.Release|Any CPU.ActiveCfg = Release|iPhoneSimulator
		{199D4865-DDBE-43FE-A540-938C7ED8B8B5}.Release|Any CPU.Build.0 = Release|iPhoneSimulator
		{199D4865-DDBE-43FE-A540-938C7ED8B8B5}.Debug|iPhoneSimulator.ActiveCfg = Debug|iPhoneSimulator
		{199D4865-DDBE-43FE-A540-938C7ED8B8B5}.Debug|iPhoneSimulator.Build.0 = Debug|iPhoneSimulator
		{199D4865-DDBE-43FE-A540-938C7ED8B8B5}.Release|iPhoneSimulator.ActiveCfg = Release|iPhoneSimulator
		{199D4865-DDBE-43FE-A540-938C7ED8B8B5}.Release|iPhoneSimulator.Build.0 = Release|iPhoneSimulator
		{199D4865-DDBE-43FE-A540-938C7ED8B8B5}.Debug|iPhone.ActiveCfg = Debug|iPhone
		{199D4865-DDBE-43FE-A540-938C7ED8B8B5}.Debug|iPhone.Build.0 = Debug|iPhone
		{199D4865-DDBE-43FE-A540-938C7ED8B8B5}.Release|iPhone.ActiveCfg = Release|iPhone
		{199D4865-DDBE-43FE-A540-938C7ED8B8B5}.Release|iPhone.Build.0 = Release|iPhone
		{40D846C7-5183-469B-B21F-03B3F609CD93}.Debug|Any CPU.ActiveCfg = Debug|Any CPU
		{40D846C7-5183-469B-B21F-03B3F609CD93}.Debug|Any CPU.Build.0 = Debug|Any CPU
		{40D846C7-5183-469B-B21F-03B3F609CD93}.Release|Any CPU.ActiveCfg = Release|Any CPU
		{40D846C7-5183-469B-B21F-03B3F609CD93}.Release|Any CPU.Build.0 = Release|Any CPU
		{40D846C7-5183-469B-B21F-03B3F609CD93}.Debug|iPhoneSimulator.ActiveCfg = Debug|Any CPU
		{40D846C7-5183-469B-B21F-03B3F609CD93}.Debug|iPhoneSimulator.Build.0 = Debug|Any CPU
		{40D846C7-5183-469B-B21F-03B3F609CD93}.Release|iPhoneSimulator.ActiveCfg = Release|Any CPU
		{40D846C7-5183-469B-B21F-03B3F609CD93}.Release|iPhoneSimulator.Build.0 = Release|Any CPU
		{40D846C7-5183-469B-B21F-03B3F609CD93}.Debug|iPhone.ActiveCfg = Debug|Any CPU
		{40D846C7-5183-469B-B21F-03B3F609CD93}.Debug|iPhone.Build.0 = Debug|Any CPU
		{40D846C7-5183-469B-B21F-03B3F609CD93}.Release|iPhone.ActiveCfg = Release|Any CPU
		{40D846C7-5183-469B-B21F-03B3F609CD93}.Release|iPhone.Build.0 = Release|Any CPU
	EndGlobalSection
	GlobalSection(SolutionProperties) = preSolution
		HideSolutionNode = FALSE
	EndGlobalSection
	GlobalSection(ExtensibilityGlobals) = postSolution
		SolutionGuid = {77CC6332-D2A8-4F83-816D-F940A7301121}
	EndGlobalSection
EndGlobal
