
Microsoft Visual Studio Solution File, Format Version 12.00
# Visual Studio Version 16
VisualStudioVersion = 16.0.810.7
MinimumVisualStudioVersion = 10.0.40219.1
Project("{FAE04EC0-301F-11D3-BF4B-00C04F79EFBC}") = "PickerSample.Android", "PickerSample.Android\PickerSample.Android.csproj", "{77F32571-E0B8-47AF-A1C2-0C25240DC1FF}"
EndProject
Project("{FAE04EC0-301F-11D3-BF4B-00C04F79EFBC}") = "PickerSample.iOS", "PickerSample.iOS\PickerSample.iOS.csproj", "{8DE83E86-9132-4820-AF46-D977D524A1C0}"
EndProject
Project("{FAE04EC0-301F-11D3-BF4B-00C04F79EFBC}") = "PickerSample", "PickerSample\PickerSample.csproj", "{B14C8326-77D0-4DFF-AF2E-BB577975AB95}"
EndProject
Global
	GlobalSection(SolutionConfigurationPlatforms) = preSolution
		Debug|Any CPU = Debug|Any CPU
		Release|Any CPU = Release|Any CPU
		Debug|iPhoneSimulator = Debug|iPhoneSimulator
		Release|iPhoneSimulator = Release|iPhoneSimulator
		Debug|iPhone = Debug|iPhone
		Release|iPhone = Release|iPhone
	EndGlobalSection
	GlobalSection(ProjectConfigurationPlatforms) = postSolution
		{77F32571-E0B8-47AF-A1C2-0C25240DC1FF}.Debug|Any CPU.ActiveCfg = Debug|Any CPU
		{77F32571-E0B8-47AF-A1C2-0C25240DC1FF}.Debug|Any CPU.Build.0 = Debug|Any CPU
		{77F32571-E0B8-47AF-A1C2-0C25240DC1FF}.Release|Any CPU.ActiveCfg = Release|Any CPU
		{77F32571-E0B8-47AF-A1C2-0C25240DC1FF}.Release|Any CPU.Build.0 = Release|Any CPU
		{77F32571-E0B8-47AF-A1C2-0C25240DC1FF}.Debug|iPhoneSimulator.ActiveCfg = Debug|Any CPU
		{77F32571-E0B8-47AF-A1C2-0C25240DC1FF}.Debug|iPhoneSimulator.Build.0 = Debug|Any CPU
		{77F32571-E0B8-47AF-A1C2-0C25240DC1FF}.Release|iPhoneSimulator.ActiveCfg = Release|Any CPU
		{77F32571-E0B8-47AF-A1C2-0C25240DC1FF}.Release|iPhoneSimulator.Build.0 = Release|Any CPU
		{77F32571-E0B8-47AF-A1C2-0C25240DC1FF}.Debug|iPhone.ActiveCfg = Debug|Any CPU
		{77F32571-E0B8-47AF-A1C2-0C25240DC1FF}.Debug|iPhone.Build.0 = Debug|Any CPU
		{77F32571-E0B8-47AF-A1C2-0C25240DC1FF}.Release|iPhone.ActiveCfg = Release|Any CPU
		{77F32571-E0B8-47AF-A1C2-0C25240DC1FF}.Release|iPhone.Build.0 = Release|Any CPU
		{8DE83E86-9132-4820-AF46-D977D524A1C0}.Debug|Any CPU.ActiveCfg = Debug|iPhoneSimulator
		{8DE83E86-9132-4820-AF46-D977D524A1C0}.Debug|Any CPU.Build.0 = Debug|iPhoneSimulator
		{8DE83E86-9132-4820-AF46-D977D524A1C0}.Release|Any CPU.ActiveCfg = Release|iPhoneSimulator
		{8DE83E86-9132-4820-AF46-D977D524A1C0}.Release|Any CPU.Build.0 = Release|iPhoneSimulator
		{8DE83E86-9132-4820-AF46-D977D524A1C0}.Debug|iPhoneSimulator.ActiveCfg = Debug|iPhoneSimulator
		{8DE83E86-9132-4820-AF46-D977D524A1C0}.Debug|iPhoneSimulator.Build.0 = Debug|iPhoneSimulator
		{8DE83E86-9132-4820-AF46-D977D524A1C0}.Release|iPhoneSimulator.ActiveCfg = Release|iPhoneSimulator
		{8DE83E86-9132-4820-AF46-D977D524A1C0}.Release|iPhoneSimulator.Build.0 = Release|iPhoneSimulator
		{8DE83E86-9132-4820-AF46-D977D524A1C0}.Debug|iPhone.ActiveCfg = Debug|iPhone
		{8DE83E86-9132-4820-AF46-D977D524A1C0}.Debug|iPhone.Build.0 = Debug|iPhone
		{8DE83E86-9132-4820-AF46-D977D524A1C0}.Release|iPhone.ActiveCfg = Release|iPhone
		{8DE83E86-9132-4820-AF46-D977D524A1C0}.Release|iPhone.Build.0 = Release|iPhone
		{B14C8326-77D0-4DFF-AF2E-BB577975AB95}.Debug|Any CPU.ActiveCfg = Debug|Any CPU
		{B14C8326-77D0-4DFF-AF2E-BB577975AB95}.Debug|Any CPU.Build.0 = Debug|Any CPU
		{B14C8326-77D0-4DFF-AF2E-BB577975AB95}.Release|Any CPU.ActiveCfg = Release|Any CPU
		{B14C8326-77D0-4DFF-AF2E-BB577975AB95}.Release|Any CPU.Build.0 = Release|Any CPU
		{B14C8326-77D0-4DFF-AF2E-BB577975AB95}.Debug|iPhoneSimulator.ActiveCfg = Debug|Any CPU
		{B14C8326-77D0-4DFF-AF2E-BB577975AB95}.Debug|iPhoneSimulator.Build.0 = Debug|Any CPU
		{B14C8326-77D0-4DFF-AF2E-BB577975AB95}.Release|iPhoneSimulator.ActiveCfg = Release|Any CPU
		{B14C8326-77D0-4DFF-AF2E-BB577975AB95}.Release|iPhoneSimulator.Build.0 = Release|Any CPU
		{B14C8326-77D0-4DFF-AF2E-BB577975AB95}.Debug|iPhone.ActiveCfg = Debug|Any CPU
		{B14C8326-77D0-4DFF-AF2E-BB577975AB95}.Debug|iPhone.Build.0 = Debug|Any CPU
		{B14C8326-77D0-4DFF-AF2E-BB577975AB95}.Release|iPhone.ActiveCfg = Release|Any CPU
		{B14C8326-77D0-4DFF-AF2E-BB577975AB95}.Release|iPhone.Build.0 = Release|Any CPU
	EndGlobalSection
	GlobalSection(SolutionProperties) = preSolution
		HideSolutionNode = FALSE
	EndGlobalSection
	GlobalSection(ExtensibilityGlobals) = postSolution
		SolutionGuid = {A4231151-F1E9-42E4-919E-5FCD7D9FFBB9}
	EndGlobalSection
EndGlobal
