
Microsoft Visual Studio Solution File, Format Version 12.00
# Visual Studio Version 16
VisualStudioVersion = 16.0.810.6
MinimumVisualStudioVersion = 10.0.40219.1
Project("{FAE04EC0-301F-11D3-BF4B-00C04F79EFBC}") = "Greetings.Android", "Greetings.Android\Greetings.Android.csproj", "{A3ECF438-906E-4299-B44B-D8B5FFDEDBC5}"
EndProject
Project("{FAE04EC0-301F-11D3-BF4B-00C04F79EFBC}") = "Greetings.iOS", "Greetings.iOS\Greetings.iOS.csproj", "{5DDA970A-6549-4379-91A0-F2C5E0A77847}"
EndProject
Project("{FAE04EC0-301F-11D3-BF4B-00C04F79EFBC}") = "Greetings", "Greetings\Greetings.csproj", "{D9A1FC92-81E5-4635-AA84-49FDB9096F40}"
EndProject
Global
	GlobalSection(SolutionConfigurationPlatforms) = preSolution
		Debug|Any CPU = Debug|Any CPU
		Release|Any CPU = Release|Any CPU
		Debug|iPhoneSimulator = Debug|iPhoneSimulator
		Release|iPhoneSimulator = Release|iPhoneSimulator
		Debug|iPhone = Debug|iPhone
		Release|iPhone = Release|iPhone
	EndGlobalSection
	GlobalSection(ProjectConfigurationPlatforms) = postSolution
		{A3ECF438-906E-4299-B44B-D8B5FFDEDBC5}.Debug|Any CPU.ActiveCfg = Debug|Any CPU
		{A3ECF438-906E-4299-B44B-D8B5FFDEDBC5}.Debug|Any CPU.Build.0 = Debug|Any CPU
		{A3ECF438-906E-4299-B44B-D8B5FFDEDBC5}.Release|Any CPU.ActiveCfg = Release|Any CPU
		{A3ECF438-906E-4299-B44B-D8B5FFDEDBC5}.Release|Any CPU.Build.0 = Release|Any CPU
		{A3ECF438-906E-4299-B44B-D8B5FFDEDBC5}.Debug|iPhoneSimulator.ActiveCfg = Debug|Any CPU
		{A3ECF438-906E-4299-B44B-D8B5FFDEDBC5}.Debug|iPhoneSimulator.Build.0 = Debug|Any CPU
		{A3ECF438-906E-4299-B44B-D8B5FFDEDBC5}.Release|iPhoneSimulator.ActiveCfg = Release|Any CPU
		{A3ECF438-906E-4299-B44B-D8B5FFDEDBC5}.Release|iPhoneSimulator.Build.0 = Release|Any CPU
		{A3ECF438-906E-4299-B44B-D8B5FFDEDBC5}.Debug|iPhone.ActiveCfg = Debug|Any CPU
		{A3ECF438-906E-4299-B44B-D8B5FFDEDBC5}.Debug|iPhone.Build.0 = Debug|Any CPU
		{A3ECF438-906E-4299-B44B-D8B5FFDEDBC5}.Release|iPhone.ActiveCfg = Release|Any CPU
		{A3ECF438-906E-4299-B44B-D8B5FFDEDBC5}.Release|iPhone.Build.0 = Release|Any CPU
		{5DDA970A-6549-4379-91A0-F2C5E0A77847}.Debug|Any CPU.ActiveCfg = Debug|iPhoneSimulator
		{5DDA970A-6549-4379-91A0-F2C5E0A77847}.Debug|Any CPU.Build.0 = Debug|iPhoneSimulator
		{5DDA970A-6549-4379-91A0-F2C5E0A77847}.Release|Any CPU.ActiveCfg = Release|iPhoneSimulator
		{5DDA970A-6549-4379-91A0-F2C5E0A77847}.Release|Any CPU.Build.0 = Release|iPhoneSimulator
		{5DDA970A-6549-4379-91A0-F2C5E0A77847}.Debug|iPhoneSimulator.ActiveCfg = Debug|iPhoneSimulator
		{5DDA970A-6549-4379-91A0-F2C5E0A77847}.Debug|iPhoneSimulator.Build.0 = Debug|iPhoneSimulator
		{5DDA970A-6549-4379-91A0-F2C5E0A77847}.Release|iPhoneSimulator.ActiveCfg = Release|iPhoneSimulator
		{5DDA970A-6549-4379-91A0-F2C5E0A77847}.Release|iPhoneSimulator.Build.0 = Release|iPhoneSimulator
		{5DDA970A-6549-4379-91A0-F2C5E0A77847}.Debug|iPhone.ActiveCfg = Debug|iPhone
		{5DDA970A-6549-4379-91A0-F2C5E0A77847}.Debug|iPhone.Build.0 = Debug|iPhone
		{5DDA970A-6549-4379-91A0-F2C5E0A77847}.Release|iPhone.ActiveCfg = Release|iPhone
		{5DDA970A-6549-4379-91A0-F2C5E0A77847}.Release|iPhone.Build.0 = Release|iPhone
		{D9A1FC92-81E5-4635-AA84-49FDB9096F40}.Debug|Any CPU.ActiveCfg = Debug|Any CPU
		{D9A1FC92-81E5-4635-AA84-49FDB9096F40}.Debug|Any CPU.Build.0 = Debug|Any CPU
		{D9A1FC92-81E5-4635-AA84-49FDB9096F40}.Release|Any CPU.ActiveCfg = Release|Any CPU
		{D9A1FC92-81E5-4635-AA84-49FDB9096F40}.Release|Any CPU.Build.0 = Release|Any CPU
		{D9A1FC92-81E5-4635-AA84-49FDB9096F40}.Debug|iPhoneSimulator.ActiveCfg = Debug|Any CPU
		{D9A1FC92-81E5-4635-AA84-49FDB9096F40}.Debug|iPhoneSimulator.Build.0 = Debug|Any CPU
		{D9A1FC92-81E5-4635-AA84-49FDB9096F40}.Release|iPhoneSimulator.ActiveCfg = Release|Any CPU
		{D9A1FC92-81E5-4635-AA84-49FDB9096F40}.Release|iPhoneSimulator.Build.0 = Release|Any CPU
		{D9A1FC92-81E5-4635-AA84-49FDB9096F40}.Debug|iPhone.ActiveCfg = Debug|Any CPU
		{D9A1FC92-81E5-4635-AA84-49FDB9096F40}.Debug|iPhone.Build.0 = Debug|Any CPU
		{D9A1FC92-81E5-4635-AA84-49FDB9096F40}.Release|iPhone.ActiveCfg = Release|Any CPU
		{D9A1FC92-81E5-4635-AA84-49FDB9096F40}.Release|iPhone.Build.0 = Release|Any CPU
	EndGlobalSection
	GlobalSection(SolutionProperties) = preSolution
		HideSolutionNode = FALSE
	EndGlobalSection
	GlobalSection(ExtensibilityGlobals) = postSolution
		SolutionGuid = {65817FBF-B913-4D6F-9630-16E31B85E2BD}
	EndGlobalSection
EndGlobal
