
Microsoft Visual Studio Solution File, Format Version 12.00
# Visual Studio Version 16
VisualStudioVersion = 16.0.810.9
MinimumVisualStudioVersion = 10.0.40219.1
Project("{FAE04EC0-301F-11D3-BF4B-00C04F79EFBC}") = "HelloXamarinAndroid", "HelloXamarinAndroid\HelloXamarinAndroid.csproj", "{232CB275-C013-4D50-B825-407F706DF5D3}"
EndProject
Global
	GlobalSection(SolutionConfigurationPlatforms) = preSolution
		Debug|Any CPU = Debug|Any CPU
		Release|Any CPU = Release|Any CPU
	EndGlobalSection
	GlobalSection(ProjectConfigurationPlatforms) = postSolution
		{232CB275-C013-4D50-B825-407F706DF5D3}.Debug|Any CPU.ActiveCfg = Debug|Any CPU
		{232CB275-C013-4D50-B825-407F706DF5D3}.Debug|Any CPU.Build.0 = Debug|Any CPU
		{232CB275-C013-4D50-B825-407F706DF5D3}.Release|Any CPU.ActiveCfg = Release|Any CPU
		{232CB275-C013-4D50-B825-407F706DF5D3}.Release|Any CPU.Build.0 = Release|Any CPU
	EndGlobalSection
	GlobalSection(SolutionProperties) = preSolution
		HideSolutionNode = FALSE
	EndGlobalSection
	GlobalSection(ExtensibilityGlobals) = postSolution
		SolutionGuid = {48053B94-DCB0-4C69-BF25-FEC749016459}
	EndGlobalSection
EndGlobal
