
Microsoft Visual Studio Solution File, Format Version 12.00
# Visual Studio Version 16
VisualStudioVersion = 16.0.810.6
MinimumVisualStudioVersion = 10.0.40219.1
Project("{FAE04EC0-301F-11D3-BF4B-00C04F79EFBC}") = "ValueConverterSample.Android", "ValueConverterSample.Android\ValueConverterSample.Android.csproj", "{5FD53E2C-DBB2-4FFD-ABD2-1208E0EF9441}"
EndProject
Project("{FAE04EC0-301F-11D3-BF4B-00C04F79EFBC}") = "ValueConverterSample.iOS", "ValueConverterSample.iOS\ValueConverterSample.iOS.csproj", "{21512479-18E3-4359-9944-80711E255638}"
EndProject
Project("{FAE04EC0-301F-11D3-BF4B-00C04F79EFBC}") = "ValueConverterSample", "ValueConverterSample\ValueConverterSample.csproj", "{01CD702E-4CA7-474C-BB63-081AD23E928B}"
EndProject
Global
	GlobalSection(SolutionConfigurationPlatforms) = preSolution
		Debug|Any CPU = Debug|Any CPU
		Release|Any CPU = Release|Any CPU
		Debug|iPhoneSimulator = Debug|iPhoneSimulator
		Release|iPhoneSimulator = Release|iPhoneSimulator
		Debug|iPhone = Debug|iPhone
		Release|iPhone = Release|iPhone
	EndGlobalSection
	GlobalSection(ProjectConfigurationPlatforms) = postSolution
		{5FD53E2C-DBB2-4FFD-ABD2-1208E0EF9441}.Debug|Any CPU.ActiveCfg = Debug|Any CPU
		{5FD53E2C-DBB2-4FFD-ABD2-1208E0EF9441}.Debug|Any CPU.Build.0 = Debug|Any CPU
		{5FD53E2C-DBB2-4FFD-ABD2-1208E0EF9441}.Release|Any CPU.ActiveCfg = Release|Any CPU
		{5FD53E2C-DBB2-4FFD-ABD2-1208E0EF9441}.Release|Any CPU.Build.0 = Release|Any CPU
		{5FD53E2C-DBB2-4FFD-ABD2-1208E0EF9441}.Debug|iPhoneSimulator.ActiveCfg = Debug|Any CPU
		{5FD53E2C-DBB2-4FFD-ABD2-1208E0EF9441}.Debug|iPhoneSimulator.Build.0 = Debug|Any CPU
		{5FD53E2C-DBB2-4FFD-ABD2-1208E0EF9441}.Release|iPhoneSimulator.ActiveCfg = Release|Any CPU
		{5FD53E2C-DBB2-4FFD-ABD2-1208E0EF9441}.Release|iPhoneSimulator.Build.0 = Release|Any CPU
		{5FD53E2C-DBB2-4FFD-ABD2-1208E0EF9441}.Debug|iPhone.ActiveCfg = Debug|Any CPU
		{5FD53E2C-DBB2-4FFD-ABD2-1208E0EF9441}.Debug|iPhone.Build.0 = Debug|Any CPU
		{5FD53E2C-DBB2-4FFD-ABD2-1208E0EF9441}.Release|iPhone.ActiveCfg = Release|Any CPU
		{5FD53E2C-DBB2-4FFD-ABD2-1208E0EF9441}.Release|iPhone.Build.0 = Release|Any CPU
		{21512479-18E3-4359-9944-80711E255638}.Debug|Any CPU.ActiveCfg = Debug|iPhoneSimulator
		{21512479-18E3-4359-9944-80711E255638}.Debug|Any CPU.Build.0 = Debug|iPhoneSimulator
		{21512479-18E3-4359-9944-80711E255638}.Release|Any CPU.ActiveCfg = Release|iPhoneSimulator
		{21512479-18E3-4359-9944-80711E255638}.Release|Any CPU.Build.0 = Release|iPhoneSimulator
		{21512479-18E3-4359-9944-80711E255638}.Debug|iPhoneSimulator.ActiveCfg = Debug|iPhoneSimulator
		{21512479-18E3-4359-9944-80711E255638}.Debug|iPhoneSimulator.Build.0 = Debug|iPhoneSimulator
		{21512479-18E3-4359-9944-80711E255638}.Release|iPhoneSimulator.ActiveCfg = Release|iPhoneSimulator
		{21512479-18E3-4359-9944-80711E255638}.Release|iPhoneSimulator.Build.0 = Release|iPhoneSimulator
		{21512479-18E3-4359-9944-80711E255638}.Debug|iPhone.ActiveCfg = Debug|iPhone
		{21512479-18E3-4359-9944-80711E255638}.Debug|iPhone.Build.0 = Debug|iPhone
		{21512479-18E3-4359-9944-80711E255638}.Release|iPhone.ActiveCfg = Release|iPhone
		{21512479-18E3-4359-9944-80711E255638}.Release|iPhone.Build.0 = Release|iPhone
		{01CD702E-4CA7-474C-BB63-081AD23E928B}.Debug|Any CPU.ActiveCfg = Debug|Any CPU
		{01CD702E-4CA7-474C-BB63-081AD23E928B}.Debug|Any CPU.Build.0 = Debug|Any CPU
		{01CD702E-4CA7-474C-BB63-081AD23E928B}.Release|Any CPU.ActiveCfg = Release|Any CPU
		{01CD702E-4CA7-474C-BB63-081AD23E928B}.Release|Any CPU.Build.0 = Release|Any CPU
		{01CD702E-4CA7-474C-BB63-081AD23E928B}.Debug|iPhoneSimulator.ActiveCfg = Debug|Any CPU
		{01CD702E-4CA7-474C-BB63-081AD23E928B}.Debug|iPhoneSimulator.Build.0 = Debug|Any CPU
		{01CD702E-4CA7-474C-BB63-081AD23E928B}.Release|iPhoneSimulator.ActiveCfg = Release|Any CPU
		{01CD702E-4CA7-474C-BB63-081AD23E928B}.Release|iPhoneSimulator.Build.0 = Release|Any CPU
		{01CD702E-4CA7-474C-BB63-081AD23E928B}.Debug|iPhone.ActiveCfg = Debug|Any CPU
		{01CD702E-4CA7-474C-BB63-081AD23E928B}.Debug|iPhone.Build.0 = Debug|Any CPU
		{01CD702E-4CA7-474C-BB63-081AD23E928B}.Release|iPhone.ActiveCfg = Release|Any CPU
		{01CD702E-4CA7-474C-BB63-081AD23E928B}.Release|iPhone.Build.0 = Release|Any CPU
	EndGlobalSection
	GlobalSection(SolutionProperties) = preSolution
		HideSolutionNode = FALSE
	EndGlobalSection
	GlobalSection(ExtensibilityGlobals) = postSolution
		SolutionGuid = {94B55E33-7064-4B86-8425-E0A9C6DCA617}
	EndGlobalSection
EndGlobal
