
Microsoft Visual Studio Solution File, Format Version 12.00
# Visual Studio Version 16
VisualStudioVersion = 16.0.810.7
MinimumVisualStudioVersion = 10.0.40219.1
Project("{FAE04EC0-301F-11D3-BF4B-00C04F79EFBC}") = "CommandInterfaceSample.Android", "CommandInterfaceSample.Android\CommandInterfaceSample.Android.csproj", "{CE82CE5A-7D83-4D4E-8DD1-26D35DF8812F}"
EndProject
Project("{FAE04EC0-301F-11D3-BF4B-00C04F79EFBC}") = "CommandInterfaceSample.iOS", "CommandInterfaceSample.iOS\CommandInterfaceSample.iOS.csproj", "{07BF59A8-E195-45A3-BC21-32BAB48D6E29}"
EndProject
Project("{FAE04EC0-301F-11D3-BF4B-00C04F79EFBC}") = "CommandInterfaceSample", "CommandInterfaceSample\CommandInterfaceSample.csproj", "{5198CD9C-4C59-460D-A400-4830808FA3EA}"
EndProject
Global
	GlobalSection(SolutionConfigurationPlatforms) = preSolution
		Debug|Any CPU = Debug|Any CPU
		Release|Any CPU = Release|Any CPU
		Debug|iPhoneSimulator = Debug|iPhoneSimulator
		Release|iPhoneSimulator = Release|iPhoneSimulator
		Debug|iPhone = Debug|iPhone
		Release|iPhone = Release|iPhone
	EndGlobalSection
	GlobalSection(ProjectConfigurationPlatforms) = postSolution
		{CE82CE5A-7D83-4D4E-8DD1-26D35DF8812F}.Debug|Any CPU.ActiveCfg = Debug|Any CPU
		{CE82CE5A-7D83-4D4E-8DD1-26D35DF8812F}.Debug|Any CPU.Build.0 = Debug|Any CPU
		{CE82CE5A-7D83-4D4E-8DD1-26D35DF8812F}.Release|Any CPU.ActiveCfg = Release|Any CPU
		{CE82CE5A-7D83-4D4E-8DD1-26D35DF8812F}.Release|Any CPU.Build.0 = Release|Any CPU
		{CE82CE5A-7D83-4D4E-8DD1-26D35DF8812F}.Debug|iPhoneSimulator.ActiveCfg = Debug|Any CPU
		{CE82CE5A-7D83-4D4E-8DD1-26D35DF8812F}.Debug|iPhoneSimulator.Build.0 = Debug|Any CPU
		{CE82CE5A-7D83-4D4E-8DD1-26D35DF8812F}.Release|iPhoneSimulator.ActiveCfg = Release|Any CPU
		{CE82CE5A-7D83-4D4E-8DD1-26D35DF8812F}.Release|iPhoneSimulator.Build.0 = Release|Any CPU
		{CE82CE5A-7D83-4D4E-8DD1-26D35DF8812F}.Debug|iPhone.ActiveCfg = Debug|Any CPU
		{CE82CE5A-7D83-4D4E-8DD1-26D35DF8812F}.Debug|iPhone.Build.0 = Debug|Any CPU
		{CE82CE5A-7D83-4D4E-8DD1-26D35DF8812F}.Release|iPhone.ActiveCfg = Release|Any CPU
		{CE82CE5A-7D83-4D4E-8DD1-26D35DF8812F}.Release|iPhone.Build.0 = Release|Any CPU
		{07BF59A8-E195-45A3-BC21-32BAB48D6E29}.Debug|Any CPU.ActiveCfg = Debug|iPhoneSimulator
		{07BF59A8-E195-45A3-BC21-32BAB48D6E29}.Debug|Any CPU.Build.0 = Debug|iPhoneSimulator
		{07BF59A8-E195-45A3-BC21-32BAB48D6E29}.Release|Any CPU.ActiveCfg = Release|iPhoneSimulator
		{07BF59A8-E195-45A3-BC21-32BAB48D6E29}.Release|Any CPU.Build.0 = Release|iPhoneSimulator
		{07BF59A8-E195-45A3-BC21-32BAB48D6E29}.Debug|iPhoneSimulator.ActiveCfg = Debug|iPhoneSimulator
		{07BF59A8-E195-45A3-BC21-32BAB48D6E29}.Debug|iPhoneSimulator.Build.0 = Debug|iPhoneSimulator
		{07BF59A8-E195-45A3-BC21-32BAB48D6E29}.Release|iPhoneSimulator.ActiveCfg = Release|iPhoneSimulator
		{07BF59A8-E195-45A3-BC21-32BAB48D6E29}.Release|iPhoneSimulator.Build.0 = Release|iPhoneSimulator
		{07BF59A8-E195-45A3-BC21-32BAB48D6E29}.Debug|iPhone.ActiveCfg = Debug|iPhone
		{07BF59A8-E195-45A3-BC21-32BAB48D6E29}.Debug|iPhone.Build.0 = Debug|iPhone
		{07BF59A8-E195-45A3-BC21-32BAB48D6E29}.Release|iPhone.ActiveCfg = Release|iPhone
		{07BF59A8-E195-45A3-BC21-32BAB48D6E29}.Release|iPhone.Build.0 = Release|iPhone
		{5198CD9C-4C59-460D-A400-4830808FA3EA}.Debug|Any CPU.ActiveCfg = Debug|Any CPU
		{5198CD9C-4C59-460D-A400-4830808FA3EA}.Debug|Any CPU.Build.0 = Debug|Any CPU
		{5198CD9C-4C59-460D-A400-4830808FA3EA}.Release|Any CPU.ActiveCfg = Release|Any CPU
		{5198CD9C-4C59-460D-A400-4830808FA3EA}.Release|Any CPU.Build.0 = Release|Any CPU
		{5198CD9C-4C59-460D-A400-4830808FA3EA}.Debug|iPhoneSimulator.ActiveCfg = Debug|Any CPU
		{5198CD9C-4C59-460D-A400-4830808FA3EA}.Debug|iPhoneSimulator.Build.0 = Debug|Any CPU
		{5198CD9C-4C59-460D-A400-4830808FA3EA}.Release|iPhoneSimulator.ActiveCfg = Release|Any CPU
		{5198CD9C-4C59-460D-A400-4830808FA3EA}.Release|iPhoneSimulator.Build.0 = Release|Any CPU
		{5198CD9C-4C59-460D-A400-4830808FA3EA}.Debug|iPhone.ActiveCfg = Debug|Any CPU
		{5198CD9C-4C59-460D-A400-4830808FA3EA}.Debug|iPhone.Build.0 = Debug|Any CPU
		{5198CD9C-4C59-460D-A400-4830808FA3EA}.Release|iPhone.ActiveCfg = Release|Any CPU
		{5198CD9C-4C59-460D-A400-4830808FA3EA}.Release|iPhone.Build.0 = Release|Any CPU
	EndGlobalSection
	GlobalSection(SolutionProperties) = preSolution
		HideSolutionNode = FALSE
	EndGlobalSection
	GlobalSection(ExtensibilityGlobals) = postSolution
		SolutionGuid = {EC9B0E9D-1EA8-4629-8AD4-B7540B78177A}
	EndGlobalSection
EndGlobal
