
Microsoft Visual Studio Solution File, Format Version 12.00
# Visual Studio Version 16
VisualStudioVersion = 16.0.810.6
MinimumVisualStudioVersion = 10.0.40219.1
Project("{FAE04EC0-301F-11D3-BF4B-00C04F79EFBC}") = "OverlaySample.Android", "OverlaySample.Android\OverlaySample.Android.csproj", "{4443F61C-70DE-4E26-801D-5E5F3FDF2174}"
EndProject
Project("{FAE04EC0-301F-11D3-BF4B-00C04F79EFBC}") = "OverlaySample.iOS", "OverlaySample.iOS\OverlaySample.iOS.csproj", "{77798A51-D0EC-494C-8466-D80602381517}"
EndProject
Project("{FAE04EC0-301F-11D3-BF4B-00C04F79EFBC}") = "OverlaySample", "OverlaySample\OverlaySample.csproj", "{D31E81F6-3248-4C0D-B088-93DC60D05ACC}"
EndProject
Global
	GlobalSection(SolutionConfigurationPlatforms) = preSolution
		Debug|Any CPU = Debug|Any CPU
		Release|Any CPU = Release|Any CPU
		Debug|iPhoneSimulator = Debug|iPhoneSimulator
		Release|iPhoneSimulator = Release|iPhoneSimulator
		Debug|iPhone = Debug|iPhone
		Release|iPhone = Release|iPhone
	EndGlobalSection
	GlobalSection(ProjectConfigurationPlatforms) = postSolution
		{4443F61C-70DE-4E26-801D-5E5F3FDF2174}.Debug|Any CPU.ActiveCfg = Debug|Any CPU
		{4443F61C-70DE-4E26-801D-5E5F3FDF2174}.Debug|Any CPU.Build.0 = Debug|Any CPU
		{4443F61C-70DE-4E26-801D-5E5F3FDF2174}.Release|Any CPU.ActiveCfg = Release|Any CPU
		{4443F61C-70DE-4E26-801D-5E5F3FDF2174}.Release|Any CPU.Build.0 = Release|Any CPU
		{4443F61C-70DE-4E26-801D-5E5F3FDF2174}.Debug|iPhoneSimulator.ActiveCfg = Debug|Any CPU
		{4443F61C-70DE-4E26-801D-5E5F3FDF2174}.Debug|iPhoneSimulator.Build.0 = Debug|Any CPU
		{4443F61C-70DE-4E26-801D-5E5F3FDF2174}.Release|iPhoneSimulator.ActiveCfg = Release|Any CPU
		{4443F61C-70DE-4E26-801D-5E5F3FDF2174}.Release|iPhoneSimulator.Build.0 = Release|Any CPU
		{4443F61C-70DE-4E26-801D-5E5F3FDF2174}.Debug|iPhone.ActiveCfg = Debug|Any CPU
		{4443F61C-70DE-4E26-801D-5E5F3FDF2174}.Debug|iPhone.Build.0 = Debug|Any CPU
		{4443F61C-70DE-4E26-801D-5E5F3FDF2174}.Release|iPhone.ActiveCfg = Release|Any CPU
		{4443F61C-70DE-4E26-801D-5E5F3FDF2174}.Release|iPhone.Build.0 = Release|Any CPU
		{77798A51-D0EC-494C-8466-D80602381517}.Debug|Any CPU.ActiveCfg = Debug|iPhoneSimulator
		{77798A51-D0EC-494C-8466-D80602381517}.Debug|Any CPU.Build.0 = Debug|iPhoneSimulator
		{77798A51-D0EC-494C-8466-D80602381517}.Release|Any CPU.ActiveCfg = Release|iPhoneSimulator
		{77798A51-D0EC-494C-8466-D80602381517}.Release|Any CPU.Build.0 = Release|iPhoneSimulator
		{77798A51-D0EC-494C-8466-D80602381517}.Debug|iPhoneSimulator.ActiveCfg = Debug|iPhoneSimulator
		{77798A51-D0EC-494C-8466-D80602381517}.Debug|iPhoneSimulator.Build.0 = Debug|iPhoneSimulator
		{77798A51-D0EC-494C-8466-D80602381517}.Release|iPhoneSimulator.ActiveCfg = Release|iPhoneSimulator
		{77798A51-D0EC-494C-8466-D80602381517}.Release|iPhoneSimulator.Build.0 = Release|iPhoneSimulator
		{77798A51-D0EC-494C-8466-D80602381517}.Debug|iPhone.ActiveCfg = Debug|iPhone
		{77798A51-D0EC-494C-8466-D80602381517}.Debug|iPhone.Build.0 = Debug|iPhone
		{77798A51-D0EC-494C-8466-D80602381517}.Release|iPhone.ActiveCfg = Release|iPhone
		{77798A51-D0EC-494C-8466-D80602381517}.Release|iPhone.Build.0 = Release|iPhone
		{D31E81F6-3248-4C0D-B088-93DC60D05ACC}.Debug|Any CPU.ActiveCfg = Debug|Any CPU
		{D31E81F6-3248-4C0D-B088-93DC60D05ACC}.Debug|Any CPU.Build.0 = Debug|Any CPU
		{D31E81F6-3248-4C0D-B088-93DC60D05ACC}.Release|Any CPU.ActiveCfg = Release|Any CPU
		{D31E81F6-3248-4C0D-B088-93DC60D05ACC}.Release|Any CPU.Build.0 = Release|Any CPU
		{D31E81F6-3248-4C0D-B088-93DC60D05ACC}.Debug|iPhoneSimulator.ActiveCfg = Debug|Any CPU
		{D31E81F6-3248-4C0D-B088-93DC60D05ACC}.Debug|iPhoneSimulator.Build.0 = Debug|Any CPU
		{D31E81F6-3248-4C0D-B088-93DC60D05ACC}.Release|iPhoneSimulator.ActiveCfg = Release|Any CPU
		{D31E81F6-3248-4C0D-B088-93DC60D05ACC}.Release|iPhoneSimulator.Build.0 = Release|Any CPU
		{D31E81F6-3248-4C0D-B088-93DC60D05ACC}.Debug|iPhone.ActiveCfg = Debug|Any CPU
		{D31E81F6-3248-4C0D-B088-93DC60D05ACC}.Debug|iPhone.Build.0 = Debug|Any CPU
		{D31E81F6-3248-4C0D-B088-93DC60D05ACC}.Release|iPhone.ActiveCfg = Release|Any CPU
		{D31E81F6-3248-4C0D-B088-93DC60D05ACC}.Release|iPhone.Build.0 = Release|Any CPU
	EndGlobalSection
	GlobalSection(SolutionProperties) = preSolution
		HideSolutionNode = FALSE
	EndGlobalSection
	GlobalSection(ExtensibilityGlobals) = postSolution
		SolutionGuid = {7BA2612B-D447-4CB6-BDA9-288A878FF9E7}
	EndGlobalSection
EndGlobal
