
Microsoft Visual Studio Solution File, Format Version 12.00
# Visual Studio Version 16
VisualStudioVersion = 16.0.810.6
MinimumVisualStudioVersion = 10.0.40219.1
Project("{FAE04EC0-301F-11D3-BF4B-00C04F79EFBC}") = "ButtonImageSample.Android", "ButtonImageSample.Android\ButtonImageSample.Android.csproj", "{C434C2E2-1168-45C2-BDF9-45B236F1F5FD}"
EndProject
Project("{FAE04EC0-301F-11D3-BF4B-00C04F79EFBC}") = "ButtonImageSample.iOS", "ButtonImageSample.iOS\ButtonImageSample.iOS.csproj", "{BBE717D3-A582-4090-90EB-558C55A98C14}"
EndProject
Project("{FAE04EC0-301F-11D3-BF4B-00C04F79EFBC}") = "ButtonImageSample", "ButtonImageSample\ButtonImageSample.csproj", "{706C2206-3E49-4671-A462-FDCE6F1F82B6}"
EndProject
Global
	GlobalSection(SolutionConfigurationPlatforms) = preSolution
		Debug|Any CPU = Debug|Any CPU
		Release|Any CPU = Release|Any CPU
		Debug|iPhoneSimulator = Debug|iPhoneSimulator
		Release|iPhoneSimulator = Release|iPhoneSimulator
		Debug|iPhone = Debug|iPhone
		Release|iPhone = Release|iPhone
	EndGlobalSection
	GlobalSection(ProjectConfigurationPlatforms) = postSolution
		{C434C2E2-1168-45C2-BDF9-45B236F1F5FD}.Debug|Any CPU.ActiveCfg = Debug|Any CPU
		{C434C2E2-1168-45C2-BDF9-45B236F1F5FD}.Debug|Any CPU.Build.0 = Debug|Any CPU
		{C434C2E2-1168-45C2-BDF9-45B236F1F5FD}.Release|Any CPU.ActiveCfg = Release|Any CPU
		{C434C2E2-1168-45C2-BDF9-45B236F1F5FD}.Release|Any CPU.Build.0 = Release|Any CPU
		{C434C2E2-1168-45C2-BDF9-45B236F1F5FD}.Debug|iPhoneSimulator.ActiveCfg = Debug|Any CPU
		{C434C2E2-1168-45C2-BDF9-45B236F1F5FD}.Debug|iPhoneSimulator.Build.0 = Debug|Any CPU
		{C434C2E2-1168-45C2-BDF9-45B236F1F5FD}.Release|iPhoneSimulator.ActiveCfg = Release|Any CPU
		{C434C2E2-1168-45C2-BDF9-45B236F1F5FD}.Release|iPhoneSimulator.Build.0 = Release|Any CPU
		{C434C2E2-1168-45C2-BDF9-45B236F1F5FD}.Debug|iPhone.ActiveCfg = Debug|Any CPU
		{C434C2E2-1168-45C2-BDF9-45B236F1F5FD}.Debug|iPhone.Build.0 = Debug|Any CPU
		{C434C2E2-1168-45C2-BDF9-45B236F1F5FD}.Release|iPhone.ActiveCfg = Release|Any CPU
		{C434C2E2-1168-45C2-BDF9-45B236F1F5FD}.Release|iPhone.Build.0 = Release|Any CPU
		{BBE717D3-A582-4090-90EB-558C55A98C14}.Debug|Any CPU.ActiveCfg = Debug|iPhoneSimulator
		{BBE717D3-A582-4090-90EB-558C55A98C14}.Debug|Any CPU.Build.0 = Debug|iPhoneSimulator
		{BBE717D3-A582-4090-90EB-558C55A98C14}.Release|Any CPU.ActiveCfg = Release|iPhoneSimulator
		{BBE717D3-A582-4090-90EB-558C55A98C14}.Release|Any CPU.Build.0 = Release|iPhoneSimulator
		{BBE717D3-A582-4090-90EB-558C55A98C14}.Debug|iPhoneSimulator.ActiveCfg = Debug|iPhoneSimulator
		{BBE717D3-A582-4090-90EB-558C55A98C14}.Debug|iPhoneSimulator.Build.0 = Debug|iPhoneSimulator
		{BBE717D3-A582-4090-90EB-558C55A98C14}.Release|iPhoneSimulator.ActiveCfg = Release|iPhoneSimulator
		{BBE717D3-A582-4090-90EB-558C55A98C14}.Release|iPhoneSimulator.Build.0 = Release|iPhoneSimulator
		{BBE717D3-A582-4090-90EB-558C55A98C14}.Debug|iPhone.ActiveCfg = Debug|iPhone
		{BBE717D3-A582-4090-90EB-558C55A98C14}.Debug|iPhone.Build.0 = Debug|iPhone
		{BBE717D3-A582-4090-90EB-558C55A98C14}.Release|iPhone.ActiveCfg = Release|iPhone
		{BBE717D3-A582-4090-90EB-558C55A98C14}.Release|iPhone.Build.0 = Release|iPhone
		{706C2206-3E49-4671-A462-FDCE6F1F82B6}.Debug|Any CPU.ActiveCfg = Debug|Any CPU
		{706C2206-3E49-4671-A462-FDCE6F1F82B6}.Debug|Any CPU.Build.0 = Debug|Any CPU
		{706C2206-3E49-4671-A462-FDCE6F1F82B6}.Release|Any CPU.ActiveCfg = Release|Any CPU
		{706C2206-3E49-4671-A462-FDCE6F1F82B6}.Release|Any CPU.Build.0 = Release|Any CPU
		{706C2206-3E49-4671-A462-FDCE6F1F82B6}.Debug|iPhoneSimulator.ActiveCfg = Debug|Any CPU
		{706C2206-3E49-4671-A462-FDCE6F1F82B6}.Debug|iPhoneSimulator.Build.0 = Debug|Any CPU
		{706C2206-3E49-4671-A462-FDCE6F1F82B6}.Release|iPhoneSimulator.ActiveCfg = Release|Any CPU
		{706C2206-3E49-4671-A462-FDCE6F1F82B6}.Release|iPhoneSimulator.Build.0 = Release|Any CPU
		{706C2206-3E49-4671-A462-FDCE6F1F82B6}.Debug|iPhone.ActiveCfg = Debug|Any CPU
		{706C2206-3E49-4671-A462-FDCE6F1F82B6}.Debug|iPhone.Build.0 = Debug|Any CPU
		{706C2206-3E49-4671-A462-FDCE6F1F82B6}.Release|iPhone.ActiveCfg = Release|Any CPU
		{706C2206-3E49-4671-A462-FDCE6F1F82B6}.Release|iPhone.Build.0 = Release|Any CPU
	EndGlobalSection
	GlobalSection(SolutionProperties) = preSolution
		HideSolutionNode = FALSE
	EndGlobalSection
	GlobalSection(ExtensibilityGlobals) = postSolution
		SolutionGuid = {1D435BBE-0B25-4247-B3A7-6D548E659031}
	EndGlobalSection
EndGlobal
